
Microsoft Visual Studio Solution File, Format Version 12.00
# Visual Studio 15
VisualStudioVersion = 15.0.28010.2048
MinimumVisualStudioVersion = 10.0.40219.1
Project("{FAE04EC0-301F-11D3-BF4B-00C04F79EFBC}") = "MusicAlbumSite", "MusicAlbumSite\MusicAlbumSite.csproj", "{C05B8869-8F65-4715-B6F9-69AA05DEA79F}"
EndProject
Global
	GlobalSection(SolutionConfigurationPlatforms) = preSolution
		Debug|Any CPU = Debug|Any CPU
		Release|Any CPU = Release|Any CPU
	EndGlobalSection
	GlobalSection(ProjectConfigurationPlatforms) = postSolution
		{C05B8869-8F65-4715-B6F9-69AA05DEA79F}.Debug|Any CPU.ActiveCfg = Debug|Any CPU
		{C05B8869-8F65-4715-B6F9-69AA05DEA79F}.Debug|Any CPU.Build.0 = Debug|Any CPU
		{C05B8869-8F65-4715-B6F9-69AA05DEA79F}.Release|Any CPU.ActiveCfg = Release|Any CPU
		{C05B8869-8F65-4715-B6F9-69AA05DEA79F}.Release|Any CPU.Build.0 = Release|Any CPU
	EndGlobalSection
	GlobalSection(SolutionProperties) = preSolution
		HideSolutionNode = FALSE
	EndGlobalSection
	GlobalSection(ExtensibilityGlobals) = postSolution
		SolutionGuid = {E0476735-4502-4E78-92D6-315906756313}
	EndGlobalSection
EndGlobal
